schema: '2.0'
stages:
  prepare:
    cmd: python data_prep.py
    deps:
    - path: data_prep.py
      hash: md5
      md5: 59f6d8490d2b77494cc6037a446ff160
      size: 673
    - path: hyundi.csv
      hash: md5
      md5: fab5751bbc94643b976f1957c05991a0
      size: 245355
    outs:
    - path: processed_hyundi.csv
      hash: md5
      md5: 4d964ed30989bf0dda325593dfd2a337
      size: 239176
  process:
    cmd: python feature_prep.py
    deps:
    - path: feature_prep.py
      hash: md5
      md5: c07f490f19092c8ccd5a49656a654e44
      size: 2256
    - path: processed_hyundi.csv
      hash: md5
      md5: 4d964ed30989bf0dda325593dfd2a337
      size: 239176
    outs:
    - path: categorical_structure.joblib
      hash: md5
      md5: 415303e4503cb877a796787a5ee0696b
      size: 1243
    - path: columns_used.joblib
      hash: md5
      md5: 3d2675713db3cb84aa2ed237cc0534ce
      size: 531
    - path: encoder.joblib
      hash: md5
      md5: d05d9ed563071b19addb5340697be774
      size: 645
    - path: features_hyundi.csv
      hash: md5
      md5: 7bd4c781387032a8345552381a510ac0
      size: 494757
  train:
    cmd: python model_training_evaluation.py
    deps:
    - path: model_training_evaluation.py
      hash: md5
      md5: 3a3fe9ef8842f067f360f61014118a40
      size: 3300
    - path: processed_hyundi.csv
      hash: md5
      md5: 4d964ed30989bf0dda325593dfd2a337
      size: 239176
    outs:
    - path: car_price_pipeline.pkl
      hash: md5
      md5: bb195524bd764a4b3124d6cb591322b1
      size: 2330880
    - path: evaluation_results.txt
      hash: md5
      md5: 032cd36c9903258f0d53d2f8cf2e3f05
      size: 101
